
Microsoft Visual Studio Solution File, Format Version 12.00
# Visual Studio Version 17
VisualStudioVersion = 17.0.31903.59
MinimumVisualStudioVersion = 10.0.40219.1
Project("{FAE04EC0-301F-11D3-BF4B-00C04F79EFBC}") = "API", "API\API.csproj", "{F03F3991-38C9-4C30-B772-FFCF84032F23}"
EndProject
Project("{FAE04EC0-301F-11D3-BF4B-00C04F79EFBC}") = "Tests", "Tests\Tests.csproj", "{4F9FEAE7-3561-4577-9037-6BA55976317B}"
EndProject
Global
	GlobalSection(SolutionConfigurationPlatforms) = preSolution
		Debug|Any CPU = Debug|Any CPU
		Release|Any CPU = Release|Any CPU
	EndGlobalSection
	GlobalSection(SolutionProperties) = preSolution
		HideSolutionNode = FALSE
	EndGlobalSection
	GlobalSection(ProjectConfigurationPlatforms) = postSolution
		{F03F3991-38C9-4C30-B772-FFCF84032F23}.Debug|Any CPU.ActiveCfg = Debug|Any CPU
		{F03F3991-38C9-4C30-B772-FFCF84032F23}.Debug|Any CPU.Build.0 = Debug|Any CPU
		{F03F3991-38C9-4C30-B772-FFCF84032F23}.Release|Any CPU.ActiveCfg = Release|Any CPU
		{F03F3991-38C9-4C30-B772-FFCF84032F23}.Release|Any CPU.Build.0 = Release|Any CPU
		{4F9FEAE7-3561-4577-9037-6BA55976317B}.Debug|Any CPU.ActiveCfg = Debug|Any CPU
		{4F9FEAE7-3561-4577-9037-6BA55976317B}.Debug|Any CPU.Build.0 = Debug|Any CPU
		{4F9FEAE7-3561-4577-9037-6BA55976317B}.Release|Any CPU.ActiveCfg = Release|Any CPU
		{4F9FEAE7-3561-4577-9037-6BA55976317B}.Release|Any CPU.Build.0 = Release|Any CPU
	EndGlobalSection
EndGlobal
